
Microsoft Visual Studio Solution File, Format Version 12.00
# Visual Studio 2013
VisualStudioVersion = 12.0.30501.0
MinimumVisualStudioVersion = 10.0.40219.1
Project("{FAE04EC0-301F-11D3-BF4B-00C04F79EFBC}") = "WebMart", "WebMart\WebMart.csproj", "{AEEF425A-8BD9-4DB1-84E5-4A085D62C811}"
EndProject
Project("{FAE04EC0-301F-11D3-BF4B-00C04F79EFBC}") = "WebMart.Tests", "WebMart.Tests\WebMart.Tests.csproj", "{B51AFF8C-7896-42F3-BB13-3488F3BDE86F}"
EndProject
Project("{FAE04EC0-301F-11D3-BF4B-00C04F79EFBC}") = "CreditCardService", "CreditCardService\CreditCardService.csproj", "{9B5B6B8C-6197-484E-8FA6-ABD25D55152C}"
EndProject
Project("{FAE04EC0-301F-11D3-BF4B-00C04F79EFBC}") = "MyFinanceService", "MyFinanceService\MyFinanceService.csproj", "{9561F75D-957B-4101-B542-4C384A0FF463}"
EndProject
Global
	GlobalSection(SolutionConfigurationPlatforms) = preSolution
		Debug|Any CPU = Debug|Any CPU
		Release|Any CPU = Release|Any CPU
	EndGlobalSection
	GlobalSection(ProjectConfigurationPlatforms) = postSolution
		{AEEF425A-8BD9-4DB1-84E5-4A085D62C811}.Debug|Any CPU.ActiveCfg = Debug|Any CPU
		{AEEF425A-8BD9-4DB1-84E5-4A085D62C811}.Debug|Any CPU.Build.0 = Debug|Any CPU
		{AEEF425A-8BD9-4DB1-84E5-4A085D62C811}.Release|Any CPU.ActiveCfg = Release|Any CPU
		{AEEF425A-8BD9-4DB1-84E5-4A085D62C811}.Release|Any CPU.Build.0 = Release|Any CPU
		{B51AFF8C-7896-42F3-BB13-3488F3BDE86F}.Debug|Any CPU.ActiveCfg = Debug|Any CPU
		{B51AFF8C-7896-42F3-BB13-3488F3BDE86F}.Debug|Any CPU.Build.0 = Debug|Any CPU
		{B51AFF8C-7896-42F3-BB13-3488F3BDE86F}.Release|Any CPU.ActiveCfg = Release|Any CPU
		{B51AFF8C-7896-42F3-BB13-3488F3BDE86F}.Release|Any CPU.Build.0 = Release|Any CPU
		{9B5B6B8C-6197-484E-8FA6-ABD25D55152C}.Debug|Any CPU.ActiveCfg = Debug|Any CPU
		{9B5B6B8C-6197-484E-8FA6-ABD25D55152C}.Debug|Any CPU.Build.0 = Debug|Any CPU
		{9B5B6B8C-6197-484E-8FA6-ABD25D55152C}.Release|Any CPU.ActiveCfg = Release|Any CPU
		{9B5B6B8C-6197-484E-8FA6-ABD25D55152C}.Release|Any CPU.Build.0 = Release|Any CPU
		{9561F75D-957B-4101-B542-4C384A0FF463}.Debug|Any CPU.ActiveCfg = Debug|Any CPU
		{9561F75D-957B-4101-B542-4C384A0FF463}.Debug|Any CPU.Build.0 = Debug|Any CPU
		{9561F75D-957B-4101-B542-4C384A0FF463}.Release|Any CPU.ActiveCfg = Release|Any CPU
		{9561F75D-957B-4101-B542-4C384A0FF463}.Release|Any CPU.Build.0 = Release|Any CPU
	EndGlobalSection
	GlobalSection(SolutionProperties) = preSolution
		HideSolutionNode = FALSE
	EndGlobalSection
EndGlobal
